// !$*UTF8*$!
{
	archiveVersion = 1;
	classes = {
	};
	objectVersion = 50;
	objects = {

/* Begin PBXBuildFile section */
		9C4A91C024C05B5400820BE3 /* AppDelegate.swift in Sources */ = {isa = PBXBuildFile; fileRef = 9C4A91BF24C05B5400820BE3 /* AppDelegate.swift */; };
		9C4A91C224C05B5400820BE3 /* SceneDelegate.swift in Sources */ = {isa = PBXBuildFile; fileRef = 9C4A91C124C05B5400820BE3 /* SceneDelegate.swift */; };
		9C4A91C424C05B5400820BE3 /* ContentView.swift in Sources */ = {isa = PBXBuildFile; fileRef = 9C4A91C324C05B5400820BE3 /* ContentView.swift */; };
		9C4A91C624C05B5C00820BE3 /* Assets.xcassets in Resources */ = {isa = PBXBuildFile; fileRef = 9C4A91C524C05B5C00820BE3 /* Assets.xcassets */; };
		9C4A91C924C05B5C00820BE3 /* Preview Assets.xcassets in Resources */ = {isa = PBXBuildFile; fileRef = 9C4A91C824C05B5C00820BE3 /* Preview Assets.xcassets */; };
		9C4A91CC24C05B5C00820BE3 /* LaunchScreen.storyboard in Resources */ = {isa = PBXBuildFile; fileRef = 9C4A91CA24C05B5C00820BE3 /* LaunchScreen.storyboard */; };
		9C4A91D724C05B5D00820BE3 /* proghero_js_editorTests.swift in Sources */ = {isa = PBXBuildFile; fileRef = 9C4A91D624C05B5D00820BE3 /* proghero_js_editorTests.swift */; };
		9C4A91E224C05B5D00820BE3 /* proghero_js_editorUITests.swift in Sources */ = {isa = PBXBuildFile; fileRef = 9C4A91E124C05B5D00820BE3 /* proghero_js_editorUITests.swift */; };
/* End PBXBuildFile section */

/* Begin PBXContainerItemProxy section */
		9C4A91D324C05B5D00820BE3 /* PBXContainerItemProxy */ = {
			isa = PBXContainerItemProxy;
			containerPortal = 9C4A91B424C05B5400820BE3 /* Project object */;
			proxyType = 1;
			remoteGlobalIDString = 9C4A91BB24C05B5400820BE3;
			remoteInfo = proghero_js_editor;
		};
		9C4A91DE24C05B5D00820BE3 /* PBXContainerItemProxy */ = {
			isa = PBXContainerItemProxy;
			containerPortal = 9C4A91B424C05B5400820BE3 /* Project object */;
			proxyType = 1;
			remoteGlobalIDString = 9C4A91BB24C05B5400820BE3;
			remoteInfo = proghero_js_editor;
		};
/* End PBXContainerItemProxy section */

/* Begin PBXFileReference section */
		9C4A91BC24C05B5400820BE3 /* proghero_js_editor.app */ = {isa = PBXFileReference; explicitFileType = wrapper.application; includeInIndex = 0; path = proghero_js_editor.app; sourceTree = BUILT_PRODUCTS_DIR; };
		9C4A91BF24C05B5400820BE3 /* AppDelegate.swift */ = {isa = PBXFileReference; lastKnownFileType = sourcecode.swift; path = AppDelegate.swift; sourceTree = "<group>"; };
		9C4A91C124C05B5400820BE3 /* SceneDelegate.swift */ = {isa = PBXFileReference; lastKnownFileType = sourcecode.swift; path = SceneDelegate.swift; sourceTree = "<group>"; };
		9C4A91C324C05B5400820BE3 /* ContentView.swift */ = {isa = PBXFileReference; lastKnownFileType = sourcecode.swift; path = ContentView.swift; sourceTree = "<group>"; };
		9C4A91C524C05B5C00820BE3 /* Assets.xcassets */ = {isa = PBXFileReference; lastKnownFileType = folder.assetcatalog; path = Assets.xcassets; sourceTree = "<group>"; };
		9C4A91C824C05B5C00820BE3 /* Preview Assets.xcassets */ = {isa = PBXFileReference; lastKnownFileType = folder.assetcatalog; path = "Preview Assets.xcassets"; sourceTree = "<group>"; };
		9C4A91CB24C05B5C00820BE3 /* Base */ = {isa = PBXFileReference; lastKnownFileType = file.storyboard; name = Base; path = Base.lproj/LaunchScreen.storyboard; sourceTree = "<group>"; };
		9C4A91CD24C05B5C00820BE3 /* Info.plist */ = {isa = PBXFileReference; lastKnownFileType = text.plist.xml; path = Info.plist; sourceTree = "<group>"; };
		9C4A91D224C05B5D00820BE3 /* proghero_js_editorTests.xctest */ = {isa = PBXFileReference; explicitFileType = wrapper.cfbundle; includeInIndex = 0; path = proghero_js_editorTests.xctest; sourceTree = BUILT_PRODUCTS_DIR; };
		9C4A91D624C05B5D00820BE3 /* proghero_js_editorTests.swift */ = {isa = PBXFileReference; lastKnownFileType = sourcecode.swift; path = proghero_js_editorTests.swift; sourceTree = "<group>"; };
		9C4A91D824C05B5D00820BE3 /* Info.plist */ = {isa = PBXFileReference; lastKnownFileType = text.plist.xml; path = Info.plist; sourceTree = "<group>"; };
		9C4A91DD24C05B5D00820BE3 /* proghero_js_editorUITests.xctest */ = {isa = PBXFileReference; explicitFileType = wrapper.cfbundle; includeInIndex = 0; path = proghero_js_editorUITests.xctest; sourceTree = BUILT_PRODUCTS_DIR; };
		9C4A91E124C05B5D00820BE3 /* proghero_js_editorUITests.swift */ = {isa = PBXFileReference; lastKnownFileType = sourcecode.swift; path = proghero_js_editorUITests.swift; sourceTree = "<group>"; };
		9C4A91E324C05B5D00820BE3 /* Info.plist */ = {isa = PBXFileReference; lastKnownFileType = text.plist.xml; path = Info.plist; sourceTree = "<group>"; };
/* End PBXFileReference section */

/* Begin PBXFrameworksBuildPhase section */
		9C4A91B924C05B5400820BE3 /* Frameworks */ = {
			isa = PBXFrameworksBuildPhase;
			buildActionMask = 2147483647;
			files = (
			);
			runOnlyForDeploymentPostprocessing = 0;
		};
		9C4A91CF24C05B5D00820BE3 /* Frameworks */ = {
			isa = PBXFrameworksBuildPhase;
			buildActionMask = 2147483647;
			files = (
			);
			runOnlyForDeploymentPostprocessing = 0;
		};
		9C4A91DA24C05B5D00820BE3 /* Frameworks */ = {
			isa = PBXFrameworksBuildPhase;
			buildActionMask = 2147483647;
			files = (
			);
			runOnlyForDeploymentPostprocessing = 0;
		};
/* End PBXFrameworksBuildPhase section */

/* Begin PBXGroup section */
		9C4A91B324C05B5400820BE3 = {
			isa = PBXGroup;
			children = (
				9C4A91BE24C05B5400820BE3 /* proghero_js_editor */,
				9C4A91D524C05B5D00820BE3 /* proghero_js_editorTests */,
				9C4A91E024C05B5D00820BE3 /* proghero_js_editorUITests */,
				9C4A91BD24C05B5400820BE3 /* Products */,
			);
			sourceTree = "<group>";
		};
		9C4A91BD24C05B5400820BE3 /* Products */ = {
			isa = PBXGroup;
			children = (
				9C4A91BC24C05B5400820BE3 /* proghero_js_editor.app */,
				9C4A91D224C05B5D00820BE3 /* proghero_js_editorTests.xctest */,
				9C4A91DD24C05B5D00820BE3 /* proghero_js_editorUITests.xctest */,
			);
			name = Products;
			sourceTree = "<group>";
		};
		9C4A91BE24C05B5400820BE3 /* proghero_js_editor */ = {
			isa = PBXGroup;
			children = (
				9C4A91BF24C05B5400820BE3 /* AppDelegate.swift */,
				9C4A91C124C05B5400820BE3 /* SceneDelegate.swift */,
				9C4A91C324C05B5400820BE3 /* ContentView.swift */,
				9C4A91C524C05B5C00820BE3 /* Assets.xcassets */,
				9C4A91CA24C05B5C00820BE3 /* LaunchScreen.storyboard */,
				9C4A91CD24C05B5C00820BE3 /* Info.plist */,
				9C4A91C724C05B5C00820BE3 /* Preview Content */,
			);
			path = proghero_js_editor;
			sourceTree = "<group>";
		};
		9C4A91C724C05B5C00820BE3 /* Preview Content */ = {
			isa = PBXGroup;
			children = (
				9C4A91C824C05B5C00820BE3 /* Preview Assets.xcassets */,
			);
			path = "Preview Content";
			sourceTree = "<group>";
		};
		9C4A91D524C05B5D00820BE3 /* proghero_js_editorTests */ = {
			isa = PBXGroup;
			children = (
				9C4A91D624C05B5D00820BE3 /* proghero_js_editorTests.swift */,
				9C4A91D824C05B5D00820BE3 /* Info.plist */,
			);
			path = proghero_js_editorTests;
			sourceTree = "<group>";
		};
		9C4A91E024C05B5D00820BE3 /* proghero_js_editorUITests */ = {
			isa = PBXGroup;
			children = (
				9C4A91E124C05B5D00820BE3 /* proghero_js_editorUITests.swift */,
				9C4A91E324C05B5D00820BE3 /* Info.plist */,
			);
			path = proghero_js_editorUITests;
			sourceTree = "<group>";
		};
/* End PBXGroup section */

/* Begin PBXNativeTarget section */
		9C4A91BB24C05B5400820BE3 /* proghero_js_editor */ = {
			isa = PBXNativeTarget;
			buildConfigurationList = 9C4A91E624C05B5D00820BE3 /* Build configuration list for PBXNativeTarget "proghero_js_editor" */;
			buildPhases = (
				9C4A91B824C05B5400820BE3 /* Sources */,
				9C4A91B924C05B5400820BE3 /* Frameworks */,
				9C4A91BA24C05B5400820BE3 /* Resources */,
			);
			buildRules = (
			);
			dependencies = (
			);
			name = proghero_js_editor;
			productName = proghero_js_editor;
			productReference = 9C4A91BC24C05B5400820BE3 /* proghero_js_editor.app */;
			productType = "com.apple.product-type.application";
		};
		9C4A91D124C05B5D00820BE3 /* proghero_js_editorTests */ = {
			isa = PBXNativeTarget;
			buildConfigurationList = 9C4A91E924C05B5D00820BE3 /* Build configuration list for PBXNativeTarget "proghero_js_editorTests" */;
			buildPhases = (
				9C4A91CE24C05B5D00820BE3 /* Sources */,
				9C4A91CF24C05B5D00820BE3 /* Frameworks */,
				9C4A91D024C05B5D00820BE3 /* Resources */,
			);
			buildRules = (
			);
			dependencies = (
				9C4A91D424C05B5D00820BE3 /* PBXTargetDependency */,
			);
			name = proghero_js_editorTests;
			productName = proghero_js_editorTests;
			productReference = 9C4A91D224C05B5D00820BE3 /* proghero_js_editorTests.xctest */;
			productType = "com.apple.product-type.bundle.unit-test";
		};
		9C4A91DC24C05B5D00820BE3 /* proghero_js_editorUITests */ = {
			isa = PBXNativeTarget;
			buildConfigurationList = 9C4A91EC24C05B5D00820BE3 /* Build configuration list for PBXNativeTarget "proghero_js_editorUITests" */;
			buildPhases = (
				9C4A91D924C05B5D00820BE3 /* Sources */,
				9C4A91DA24C05B5D00820BE3 /* Frameworks */,
				9C4A91DB24C05B5D00820BE3 /* Resources */,
			);
			buildRules = (
			);
			dependencies = (
				9C4A91DF24C05B5D00820BE3 /* PBXTargetDependency */,
			);
			name = proghero_js_editorUITests;
			productName = proghero_js_editorUITests;
			productReference = 9C4A91DD24C05B5D00820BE3 /* proghero_js_editorUITests.xctest */;
			productType = "com.apple.product-type.bundle.ui-testing";
		};
/* End PBXNativeTarget section */

/* Begin PBXProject section */
		9C4A91B424C05B5400820BE3 /* Project object */ = {
			isa = PBXProject;
			attributes = {
				LastSwiftUpdateCheck = 1150;
				LastUpgradeCheck = 1150;
				ORGANIZATIONNAME = "Rahat Baksh";
				TargetAttributes = {
					9C4A91BB24C05B5400820BE3 = {
						CreatedOnToolsVersion = 11.5;
					};
					9C4A91D124C05B5D00820BE3 = {
						CreatedOnToolsVersion = 11.5;
						TestTargetID = 9C4A91BB24C05B5400820BE3;
					};
					9C4A91DC24C05B5D00820BE3 = {
						CreatedOnToolsVersion = 11.5;
						TestTargetID = 9C4A91BB24C05B5400820BE3;
					};
				};
			};
			buildConfigurationList = 9C4A91B724C05B5400820BE3 /* Build configuration list for PBXProject "proghero_js_editor" */;
			compatibilityVersion = "Xcode 9.3";
			developmentRegion = en;
			hasScannedForEncodings = 0;
			knownRegions = (
				en,
				Base,
			);
			mainGroup = 9C4A91B324C05B5400820BE3;
			productRefGroup = 9C4A91BD24C05B5400820BE3 /* Products */;
			projectDirPath = "";
			projectRoot = "";
			targets = (
				9C4A91BB24C05B5400820BE3 /* proghero_js_editor */,
				9C4A91D124C05B5D00820BE3 /* proghero_js_editorTests */,
				9C4A91DC24C05B5D00820BE3 /* proghero_js_editorUITests */,
			);
		};
/* End PBXProject section */

/* Begin PBXResourcesBuildPhase section */
		9C4A91BA24C05B5400820BE3 /* Resources */ = {
			isa = PBXResourcesBuildPhase;
			buildActionMask = 2147483647;
			files = (
				9C4A91CC24C05B5C00820BE3 /* LaunchScreen.storyboard in Resources */,
				9C4A91C924C05B5C00820BE3 /* Preview Assets.xcassets in Resources */,
				9C4A91C624C05B5C00820BE3 /* Assets.xcassets in Resources */,
			);
			runOnlyForDeploymentPostprocessing = 0;
		};
		9C4A91D024C05B5D00820BE3 /* Resources */ = {
			isa = PBXResourcesBuildPhase;
			buildActionMask = 2147483647;
			files = (
			);
			runOnlyForDeploymentPostprocessing = 0;
		};
		9C4A91DB24C05B5D00820BE3 /* Resources */ = {
			isa = PBXResourcesBuildPhase;
			buildActionMask = 2147483647;
			files = (
			);
			runOnlyForDeploymentPostprocessing = 0;
		};
/* End PBXResourcesBuildPhase section */

/* Begin PBXSourcesBuildPhase section */
		9C4A91B824C05B5400820BE3 /* Sources */ = {
			isa = PBXSourcesBuildPhase;
			buildActionMask = 2147483647;
			files = (
				9C4A91C024C05B5400820BE3 /* AppDelegate.swift in Sources */,
				9C4A91C224C05B5400820BE3 /* SceneDelegate.swift in Sources */,
				9C4A91C424C05B5400820BE3 /* ContentView.swift in Sources */,
			);
			runOnlyForDeploymentPostprocessing = 0;
		};
		9C4A91CE24C05B5D00820BE3 /* Sources */ = {
			isa = PBXSourcesBuildPhase;
			buildActionMask = 2147483647;
			files = (
				9C4A91D724C05B5D00820BE3 /* proghero_js_editorTests.swift in Sources */,
			);
			runOnlyForDeploymentPostprocessing = 0;
		};
		9C4A91D924C05B5D00820BE3 /* Sources */ = {
			isa = PBXSourcesBuildPhase;
			buildActionMask = 2147483647;
			files = (
				9C4A91E224C05B5D00820BE3 /* proghero_js_editorUITests.swift in Sources */,
			);
			runOnlyForDeploymentPostprocessing = 0;
		};
/* End PBXSourcesBuildPhase section */

/* Begin PBXTargetDependency section */
		9C4A91D424C05B5D00820BE3 /* PBXTargetDependency */ = {
			isa = PBXTargetDependency;
			target = 9C4A91BB24C05B5400820BE3 /* proghero_js_editor */;
			targetProxy = 9C4A91D324C05B5D00820BE3 /* PBXContainerItemProxy */;
		};
		9C4A91DF24C05B5D00820BE3 /* PBXTargetDependency */ = {
			isa = PBXTargetDependency;
			target = 9C4A91BB24C05B5400820BE3 /* proghero_js_editor */;
			targetProxy = 9C4A91DE24C05B5D00820BE3 /* PBXContainerItemProxy */;
		};
/* End PBXTargetDependency section */

/* Begin PBXVariantGroup section */
		9C4A91CA24C05B5C00820BE3 /* LaunchScreen.storyboard */ = {
			isa = PBXVariantGroup;
			children = (
				9C4A91CB24C05B5C00820BE3 /* Base */,
			);
			name = LaunchScreen.storyboard;
			sourceTree = "<group>";
		};
/* End PBXVariantGroup section */

/* Begin XCBuildConfiguration section */
		9C4A91E424C05B5D00820BE3 /* Debug */ = {
			isa = XCBuildConfiguration;
			buildSettings = {
				ALWAYS_SEARCH_USER_PATHS = NO;
				CLANG_ANALYZER_NONNULL = YES;
				CLANG_ANALYZER_NUMBER_OBJECT_CONVERSION = YES_AGGRESSIVE;
				CLANG_CXX_LANGUAGE_STANDARD = "gnu++14";
				CLANG_CXX_LIBRARY = "libc++";
				CLANG_ENABLE_MODULES = YES;
				CLANG_ENABLE_OBJC_ARC = YES;
				CLANG_ENABLE_OBJC_WEAK = YES;
				CLANG_WARN_BLOCK_CAPTURE_AUTORELEASING = YES;
				CLANG_WARN_BOOL_CONVERSION = YES;
				CLANG_WARN_COMMA = YES;
				CLANG_WARN_CONSTANT_CONVERSION = YES;
				CLANG_WARN_DEPRECATED_OBJC_IMPLEMENTATIONS = YES;
				CLANG_WARN_DIRECT_OBJC_ISA_USAGE = YES_ERROR;
				CLANG_WARN_DOCUMENTATION_COMMENTS = YES;
				CLANG_WARN_EMPTY_BODY = YES;
				CLANG_WARN_ENUM_CONVERSION = YES;
				CLANG_WARN_INFINITE_RECURSION = YES;
				CLANG_WARN_INT_CONVERSION = YES;
				CLANG_WARN_NON_LITERAL_NULL_CONVERSION = YES;
				CLANG_WARN_OBJC_IMPLICIT_RETAIN_SELF = YES;
				CLANG_WARN_OBJC_LITERAL_CONVERSION = YES;
				CLANG_WARN_OBJC_ROOT_CLASS = YES_ERROR;
				CLANG_WARN_RANGE_LOOP_ANALYSIS = YES;
				CLANG_WARN_STRICT_PROTOTYPES = YES;
				CLANG_WARN_SUSPICIOUS_MOVE = YES;
				CLANG_WARN_UNGUARDED_AVAILABILITY = YES_AGGRESSIVE;
				CLANG_WARN_UNREACHABLE_CODE = YES;
				CLANG_WARN__DUPLICATE_METHOD_MATCH = YES;
				COPY_PHASE_STRIP = NO;
				DEBUG_INFORMATION_FORMAT = dwarf;
				ENABLE_STRICT_OBJC_MSGSEND = YES;
				ENABLE_TESTABILITY = YES;
				GCC_C_LANGUAGE_STANDARD = gnu11;
				GCC_DYNAMIC_NO_PIC = NO;
				GCC_NO_COMMON_BLOCKS = YES;
				GCC_OPTIMIZATION_LEVEL = 0;
				GCC_PREPROCESSOR_DEFINITIONS = (
					"DEBUG=1",
					"$(inherited)",
				);
				GCC_WARN_64_TO_32_BIT_CONVERSION = YES;
				GCC_WARN_ABOUT_RETURN_TYPE = YES_ERROR;
				GCC_WARN_UNDECLARED_SELECTOR = YES;
				GCC_WARN_UNINITIALIZED_AUTOS = YES_AGGRESSIVE;
				GCC_WARN_UNUSED_FUNCTION = YES;
				GCC_WARN_UNUSED_VARIABLE = YES;
				IPHONEOS_DEPLOYMENT_TARGET = 13.5;
				MTL_ENABLE_DEBUG_INFO = INCLUDE_SOURCE;
				MTL_FAST_MATH = YES;
				ONLY_ACTIVE_ARCH = YES;
				SDKROOT = iphoneos;
				SWIFT_ACTIVE_COMPILATION_CONDITIONS = DEBUG;
				SWIFT_OPTIMIZATION_LEVEL = "-Onone";
			};
			name = Debug;
		};
		9C4A91E524C05B5D00820BE3 /* Release */ = {
			isa = XCBuildConfiguration;
			buildSettings = {
				ALWAYS_SEARCH_USER_PATHS = NO;
				CLANG_ANALYZER_NONNULL = YES;
				CLANG_ANALYZER_NUMBER_OBJECT_CONVERSION = YES_AGGRESSIVE;
				CLANG_CXX_LANGUAGE_STANDARD = "gnu++14";
				CLANG_CXX_LIBRARY = "libc++";
				CLANG_ENABLE_MODULES = YES;
				CLANG_ENABLE_OBJC_ARC = YES;
				CLANG_ENABLE_OBJC_WEAK = YES;
				CLANG_WARN_BLOCK_CAPTURE_AUTORELEASING = YES;
				CLANG_WARN_BOOL_CONVERSION = YES;
				CLANG_WARN_COMMA = YES;
				CLANG_WARN_CONSTANT_CONVERSION = YES;
				CLANG_WARN_DEPRECATED_OBJC_IMPLEMENTATIONS = YES;
				CLANG_WARN_DIRECT_OBJC_ISA_USAGE = YES_ERROR;
				CLANG_WARN_DOCUMENTATION_COMMENTS = YES;
				CLANG_WARN_EMPTY_BODY = YES;
				CLANG_WARN_ENUM_CONVERSION = YES;
				CLANG_WARN_INFINITE_RECURSION = YES;
				CLANG_WARN_INT_CONVERSION = YES;
				CLANG_WARN_NON_LITERAL_NULL_CONVERSION = YES;
				CLANG_WARN_OBJC_IMPLICIT_RETAIN_SELF = YES;
				CLANG_WARN_OBJC_LITERAL_CONVERSION = YES;
				CLANG_WARN_OBJC_ROOT_CLASS = YES_ERROR;
				CLANG_WARN_RANGE_LOOP_ANALYSIS = YES;
				CLANG_WARN_STRICT_PROTOTYPES = YES;
				CLANG_WARN_SUSPICIOUS_MOVE = YES;
				CLANG_WARN_UNGUARDED_AVAILABILITY = YES_AGGRESSIVE;
				CLANG_WARN_UNREACHABLE_CODE = YES;
				CLANG_WARN__DUPLICATE_METHOD_MATCH = YES;
				COPY_PHASE_STRIP = NO;
				DEBUG_INFORMATION_FORMAT = "dwarf-with-dsym";
				ENABLE_NS_ASSERTIONS = NO;
				ENABLE_STRICT_OBJC_MSGSEND = YES;
				GCC_C_LANGUAGE_STANDARD = gnu11;
				GCC_NO_COMMON_BLOCKS = YES;
				GCC_WARN_64_TO_32_BIT_CONVERSION = YES;
				GCC_WARN_ABOUT_RETURN_TYPE = YES_ERROR;
				GCC_WARN_UNDECLARED_SELECTOR = YES;
				GCC_WARN_UNINITIALIZED_AUTOS = YES_AGGRESSIVE;
				GCC_WARN_UNUSED_FUNCTION = YES;
				GCC_WARN_UNUSED_VARIABLE = YES;
				IPHONEOS_DEPLOYMENT_TARGET = 13.5;
				MTL_ENABLE_DEBUG_INFO = NO;
				MTL_FAST_MATH = YES;
				SDKROOT = iphoneos;
				SWIFT_COMPILATION_MODE = wholemodule;
				SWIFT_OPTIMIZATION_LEVEL = "-O";
				VALIDATE_PRODUCT = YES;
			};
			name = Release;
		};
		9C4A91E724C05B5D00820BE3 /* Debug */ = {
			isa = XCBuildConfiguration;
			buildSettings = {
				ASSETCATALOG_COMPILER_APPICON_NAME = AppIcon;
				CODE_SIGN_STYLE = Automatic;
				DEVELOPMENT_ASSET_PATHS = "\"proghero_js_editor/Preview Content\"";
				DEVELOPMENT_TEAM = 286YA8F54V;
				ENABLE_PREVIEWS = YES;
				INFOPLIST_FILE = proghero_js_editor/Info.plist;
				LD_RUNPATH_SEARCH_PATHS = (
					"$(inherited)",
					"@executable_path/Frameworks",
				);
				PRODUCT_BUNDLE_IDENTIFIER = "rahatdaboss.proghero-js-editor";
				PRODUCT_NAME = "$(TARGET_NAME)";
				SWIFT_VERSION = 5.0;
				TARGETED_DEVICE_FAMILY = "1,2";
			};
			name = Debug;
		};
		9C4A91E824C05B5D00820BE3 /* Release */ = {
			isa = XCBuildConfiguration;
			buildSettings = {
				ASSETCATALOG_COMPILER_APPICON_NAME = AppIcon;
				CODE_SIGN_STYLE = Automatic;
				DEVELOPMENT_ASSET_PATHS = "\"proghero_js_editor/Preview Content\"";
				DEVELOPMENT_TEAM = 286YA8F54V;
				ENABLE_PREVIEWS = YES;
				INFOPLIST_FILE = proghero_js_editor/Info.plist;
				LD_RUNPATH_SEARCH_PATHS = (
					"$(inherited)",
					"@executable_path/Frameworks",
				);
				PRODUCT_BUNDLE_IDENTIFIER = "rahatdaboss.proghero-js-editor";
				PRODUCT_NAME = "$(TARGET_NAME)";
				SWIFT_VERSION = 5.0;
				TARGETED_DEVICE_FAMILY = "1,2";
			};
			name = Release;
		};
		9C4A91EA24C05B5D00820BE3 /* Debug */ = {
			isa = XCBuildConfiguration;
			buildSettings = {
				ALWAYS_EMBED_SWIFT_STANDARD_LIBRARIES = YES;
				BUNDLE_LOADER = "$(TEST_HOST)";
				CODE_SIGN_STYLE = Automatic;
				DEVELOPMENT_TEAM = 286YA8F54V;
				INFOPLIST_FILE = proghero_js_editorTests/Info.plist;
				IPHONEOS_DEPLOYMENT_TARGET = 13.5;
				LD_RUNPATH_SEARCH_PATHS = (
					"$(inherited)",
					"@executable_path/Frameworks",
					"@loader_path/Frameworks",
				);
				PRODUCT_BUNDLE_IDENTIFIER = "rahatdaboss.proghero-js-editorTests";
				PRODUCT_NAME = "$(TARGET_NAME)";
				SWIFT_VERSION = 5.0;
				TARGETED_DEVICE_FAMILY = "1,2";
				TEST_HOST = "$(BUILT_PRODUCTS_DIR)/proghero_js_editor.app/proghero_js_editor";
			};
			name = Debug;
		};
		9C4A91EB24C05B5D00820BE3 /* Release */ = {
			isa = XCBuildConfiguration;
			buildSettings = {
				ALWAYS_EMBED_SWIFT_STANDARD_LIBRARIES = YES;
				BUNDLE_LOADER = "$(TEST_HOST)";
				CODE_SIGN_STYLE = Automatic;
				DEVELOPMENT_TEAM = 286YA8F54V;
				INFOPLIST_FILE = proghero_js_editorTests/Info.plist;
				IPHONEOS_DEPLOYMENT_TARGET = 13.5;
				LD_RUNPATH_SEARCH_PATHS = (
					"$(inherited)",
					"@executable_path/Frameworks",
					"@loader_path/Frameworks",
				);
				PRODUCT_BUNDLE_IDENTIFIER = "rahatdaboss.proghero-js-editorTests";
				PRODUCT_NAME = "$(TARGET_NAME)";
				SWIFT_VERSION = 5.0;
				TARGETED_DEVICE_FAMILY = "1,2";
				TEST_HOST = "$(BUILT_PRODUCTS_DIR)/proghero_js_editor.app/proghero_js_editor";
			};
			name = Release;
		};
		9C4A91ED24C05B5D00820BE3 /* Debug */ = {
			isa = XCBuildConfiguration;
			buildSettings = {
				ALWAYS_EMBED_SWIFT_STANDARD_LIBRARIES = YES;
				CODE_SIGN_STYLE = Automatic;
				DEVELOPMENT_TEAM = 286YA8F54V;
				INFOPLIST_FILE = proghero_js_editorUITests/Info.plist;
				LD_RUNPATH_SEARCH_PATHS = (
					"$(inherited)",
					"@executable_path/Frameworks",
					"@loader_path/Frameworks",
				);
				PRODUCT_BUNDLE_IDENTIFIER = "rahatdaboss.proghero-js-editorUITests";
				PRODUCT_NAME = "$(TARGET_NAME)";
				SWIFT_VERSION = 5.0;
				TARGETED_DEVICE_FAMILY = "1,2";
				TEST_TARGET_NAME = proghero_js_editor;
			};
			name = Debug;
		};
		9C4A91EE24C05B5D00820BE3 /* Release */ = {
			isa = XCBuildConfiguration;
			buildSettings = {
				ALWAYS_EMBED_SWIFT_STANDARD_LIBRARIES = YES;
				CODE_SIGN_STYLE = Automatic;
				DEVELOPMENT_TEAM = 286YA8F54V;
				INFOPLIST_FILE = proghero_js_editorUITests/Info.plist;
				LD_RUNPATH_SEARCH_PATHS = (
					"$(inherited)",
					"@executable_path/Frameworks",
					"@loader_path/Frameworks",
				);
				PRODUCT_BUNDLE_IDENTIFIER = "rahatdaboss.proghero-js-editorUITests";
				PRODUCT_NAME = "$(TARGET_NAME)";
				SWIFT_VERSION = 5.0;
				TARGETED_DEVICE_FAMILY = "1,2";
				TEST_TARGET_NAME = proghero_js_editor;
			};
			name = Release;
		};
/* End XCBuildConfiguration section */

/* Begin XCConfigurationList section */
		9C4A91B724C05B5400820BE3 /* Build configuration list for PBXProject "proghero_js_editor" */ = {
			isa = XCConfigurationList;
			buildConfigurations = (
				9C4A91E424C05B5D00820BE3 /* Debug */,
				9C4A91E524C05B5D00820BE3 /* Release */,
			);
			defaultConfigurationIsVisible = 0;
			defaultConfigurationName = Release;
		};
		9C4A91E624C05B5D00820BE3 /* Build configuration list for PBXNativeTarget "proghero_js_editor" */ = {
			isa = XCConfigurationList;
			buildConfigurations = (
				9C4A91E724C05B5D00820BE3 /* Debug */,
				9C4A91E824C05B5D00820BE3 /* Release */,
			);
			defaultConfigurationIsVisible = 0;
			defaultConfigurationName = Release;
		};
		9C4A91E924C05B5D00820BE3 /* Build configuration list for PBXNativeTarget "proghero_js_editorTests" */ = {
			isa = XCConfigurationList;
			buildConfigurations = (
				9C4A91EA24C05B5D00820BE3 /* Debug */,
				9C4A91EB24C05B5D00820BE3 /* Release */,
			);
			defaultConfigurationIsVisible = 0;
			defaultConfigurationName = Release;
		};
		9C4A91EC24C05B5D00820BE3 /* Build configuration list for PBXNativeTarget "proghero_js_editorUITests" */ = {
			isa = XCConfigurationList;
			buildConfigurations = (
				9C4A91ED24C05B5D00820BE3 /* Debug */,
				9C4A91EE24C05B5D00820BE3 /* Release */,
			);
			defaultConfigurationIsVisible = 0;
			defaultConfigurationName = Release;
		};
/* End XCConfigurationList section */
	};
	rootObject = 9C4A91B424C05B5400820BE3 /* Project object */;
}
